// !$*UTF8*$!
{
	archiveVersion = 1;
	classes = {
	};
	objectVersion = 50;
	objects = {

/* Begin PBXBuildFile section */
		AA3CAA4C25E54DFA002A2E08 /* AppDelegate.swift in Sources */ = {isa = PBXBuildFile; fileRef = AA3CAA4B25E54DFA002A2E08 /* AppDelegate.swift */; };
		AA3CAA4E25E54DFA002A2E08 /* SceneDelegate.swift in Sources */ = {isa = PBXBuildFile; fileRef = AA3CAA4D25E54DFA002A2E08 /* SceneDelegate.swift */; };
		AA3CAA5025E54DFA002A2E08 /* ViewController.swift in Sources */ = {isa = PBXBuildFile; fileRef = AA3CAA4F25E54DFA002A2E08 /* ViewController.swift */; };
		AA3CAA5325E54DFA002A2E08 /* Main.storyboard in Resources */ = {isa = PBXBuildFile; fileRef = AA3CAA5125E54DFA002A2E08 /* Main.storyboard */; };
		AA3CAA5525E54E08002A2E08 /* Assets.xcassets in Resources */ = {isa = PBXBuildFile; fileRef = AA3CAA5425E54E08002A2E08 /* Assets.xcassets */; };
		AA3CAA5825E54E08002A2E08 /* LaunchScreen.storyboard in Resources */ = {isa = PBXBuildFile; fileRef = AA3CAA5625E54E08002A2E08 /* LaunchScreen.storyboard */; };
		AA3CAA6325E54E09002A2E08 /* CalCulator_01Tests.swift in Sources */ = {isa = PBXBuildFile; fileRef = AA3CAA6225E54E09002A2E08 /* CalCulator_01Tests.swift */; };
		AA3CAA6E25E54E09002A2E08 /* CalCulator_01UITests.swift in Sources */ = {isa = PBXBuildFile; fileRef = AA3CAA6D25E54E09002A2E08 /* CalCulator_01UITests.swift */; };
/* End PBXBuildFile section */

/* Begin PBXContainerItemProxy section */
		AA3CAA5F25E54E09002A2E08 /* PBXContainerItemProxy */ = {
			isa = PBXContainerItemProxy;
			containerPortal = AA3CAA4025E54DF9002A2E08 /* Project object */;
			proxyType = 1;
			remoteGlobalIDString = AA3CAA4725E54DF9002A2E08;
			remoteInfo = CalCulator_01;
		};
		AA3CAA6A25E54E09002A2E08 /* PBXContainerItemProxy */ = {
			isa = PBXContainerItemProxy;
			containerPortal = AA3CAA4025E54DF9002A2E08 /* Project object */;
			proxyType = 1;
			remoteGlobalIDString = AA3CAA4725E54DF9002A2E08;
			remoteInfo = CalCulator_01;
		};
/* End PBXContainerItemProxy section */

/* Begin PBXFileReference section */
		AA3CAA4825E54DFA002A2E08 /* CalCulator_01.app */ = {isa = PBXFileReference; explicitFileType = wrapper.application; includeInIndex = 0; path = CalCulator_01.app; sourceTree = BUILT_PRODUCTS_DIR; };
		AA3CAA4B25E54DFA002A2E08 /* AppDelegate.swift */ = {isa = PBXFileReference; lastKnownFileType = sourcecode.swift; path = AppDelegate.swift; sourceTree = "<group>"; };
		AA3CAA4D25E54DFA002A2E08 /* SceneDelegate.swift */ = {isa = PBXFileReference; lastKnownFileType = sourcecode.swift; path = SceneDelegate.swift; sourceTree = "<group>"; };
		AA3CAA4F25E54DFA002A2E08 /* ViewController.swift */ = {isa = PBXFileReference; lastKnownFileType = sourcecode.swift; path = ViewController.swift; sourceTree = "<group>"; };
		AA3CAA5225E54DFA002A2E08 /* Base */ = {isa = PBXFileReference; lastKnownFileType = file.storyboard; name = Base; path = Base.lproj/Main.storyboard; sourceTree = "<group>"; };
		AA3CAA5425E54E08002A2E08 /* Assets.xcassets */ = {isa = PBXFileReference; lastKnownFileType = folder.assetcatalog; path = Assets.xcassets; sourceTree = "<group>"; };
		AA3CAA5725E54E08002A2E08 /* Base */ = {isa = PBXFileReference; lastKnownFileType = file.storyboard; name = Base; path = Base.lproj/LaunchScreen.storyboard; sourceTree = "<group>"; };
		AA3CAA5925E54E08002A2E08 /* Info.plist */ = {isa = PBXFileReference; lastKnownFileType = text.plist.xml; path = Info.plist; sourceTree = "<group>"; };
		AA3CAA5E25E54E09002A2E08 /* CalCulator_01Tests.xctest */ = {isa = PBXFileReference; explicitFileType = wrapper.cfbundle; includeInIndex = 0; path = CalCulator_01Tests.xctest; sourceTree = BUILT_PRODUCTS_DIR; };
		AA3CAA6225E54E09002A2E08 /* CalCulator_01Tests.swift */ = {isa = PBXFileReference; lastKnownFileType = sourcecode.swift; path = CalCulator_01Tests.swift; sourceTree = "<group>"; };
		AA3CAA6425E54E09002A2E08 /* Info.plist */ = {isa = PBXFileReference; lastKnownFileType = text.plist.xml; path = Info.plist; sourceTree = "<group>"; };
		AA3CAA6925E54E09002A2E08 /* CalCulator_01UITests.xctest */ = {isa = PBXFileReference; explicitFileType = wrapper.cfbundle; includeInIndex = 0; path = CalCulator_01UITests.xctest; sourceTree = BUILT_PRODUCTS_DIR; };
		AA3CAA6D25E54E09002A2E08 /* CalCulator_01UITests.swift */ = {isa = PBXFileReference; lastKnownFileType = sourcecode.swift; path = CalCulator_01UITests.swift; sourceTree = "<group>"; };
		AA3CAA6F25E54E09002A2E08 /* Info.plist */ = {isa = PBXFileReference; lastKnownFileType = text.plist.xml; path = Info.plist; sourceTree = "<group>"; };
/* End PBXFileReference section */

/* Begin PBXFrameworksBuildPhase section */
		AA3CAA4525E54DF9002A2E08 /* Frameworks */ = {
			isa = PBXFrameworksBuildPhase;
			buildActionMask = 2147483647;
			files = (
			);
			runOnlyForDeploymentPostprocessing = 0;
		};
		AA3CAA5B25E54E09002A2E08 /* Frameworks */ = {
			isa = PBXFrameworksBuildPhase;
			buildActionMask = 2147483647;
			files = (
			);
			runOnlyForDeploymentPostprocessing = 0;
		};
		AA3CAA6625E54E09002A2E08 /* Frameworks */ = {
			isa = PBXFrameworksBuildPhase;
			buildActionMask = 2147483647;
			files = (
			);
			runOnlyForDeploymentPostprocessing = 0;
		};
/* End PBXFrameworksBuildPhase section */

/* Begin PBXGroup section */
		AA3CAA3F25E54DF9002A2E08 = {
			isa = PBXGroup;
			children = (
				AA3CAA4A25E54DFA002A2E08 /* CalCulator_01 */,
				AA3CAA6125E54E09002A2E08 /* CalCulator_01Tests */,
				AA3CAA6C25E54E09002A2E08 /* CalCulator_01UITests */,
				AA3CAA4925E54DFA002A2E08 /* Products */,
			);
			sourceTree = "<group>";
		};
		AA3CAA4925E54DFA002A2E08 /* Products */ = {
			isa = PBXGroup;
			children = (
				AA3CAA4825E54DFA002A2E08 /* CalCulator_01.app */,
				AA3CAA5E25E54E09002A2E08 /* CalCulator_01Tests.xctest */,
				AA3CAA6925E54E09002A2E08 /* CalCulator_01UITests.xctest */,
			);
			name = Products;
			sourceTree = "<group>";
		};
		AA3CAA4A25E54DFA002A2E08 /* CalCulator_01 */ = {
			isa = PBXGroup;
			children = (
				AA3CAA4B25E54DFA002A2E08 /* AppDelegate.swift */,
				AA3CAA4D25E54DFA002A2E08 /* SceneDelegate.swift */,
				AA3CAA4F25E54DFA002A2E08 /* ViewController.swift */,
				AA3CAA5125E54DFA002A2E08 /* Main.storyboard */,
				AA3CAA5425E54E08002A2E08 /* Assets.xcassets */,
				AA3CAA5625E54E08002A2E08 /* LaunchScreen.storyboard */,
				AA3CAA5925E54E08002A2E08 /* Info.plist */,
			);
			path = CalCulator_01;
			sourceTree = "<group>";
		};
		AA3CAA6125E54E09002A2E08 /* CalCulator_01Tests */ = {
			isa = PBXGroup;
			children = (
				AA3CAA6225E54E09002A2E08 /* CalCulator_01Tests.swift */,
				AA3CAA6425E54E09002A2E08 /* Info.plist */,
			);
			path = CalCulator_01Tests;
			sourceTree = "<group>";
		};
		AA3CAA6C25E54E09002A2E08 /* CalCulator_01UITests */ = {
			isa = PBXGroup;
			children = (
				AA3CAA6D25E54E09002A2E08 /* CalCulator_01UITests.swift */,
				AA3CAA6F25E54E09002A2E08 /* Info.plist */,
			);
			path = CalCulator_01UITests;
			sourceTree = "<group>";
		};
/* End PBXGroup section */

/* Begin PBXNativeTarget section */
		AA3CAA4725E54DF9002A2E08 /* CalCulator_01 */ = {
			isa = PBXNativeTarget;
			buildConfigurationList = AA3CAA7225E54E09002A2E08 /* Build configuration list for PBXNativeTarget "CalCulator_01" */;
			buildPhases = (
				AA3CAA4425E54DF9002A2E08 /* Sources */,
				AA3CAA4525E54DF9002A2E08 /* Frameworks */,
				AA3CAA4625E54DF9002A2E08 /* Resources */,
			);
			buildRules = (
			);
			dependencies = (
			);
			name = CalCulator_01;
			productName = CalCulator_01;
			productReference = AA3CAA4825E54DFA002A2E08 /* CalCulator_01.app */;
			productType = "com.apple.product-type.application";
		};
		AA3CAA5D25E54E09002A2E08 /* CalCulator_01Tests */ = {
			isa = PBXNativeTarget;
			buildConfigurationList = AA3CAA7525E54E09002A2E08 /* Build configuration list for PBXNativeTarget "CalCulator_01Tests" */;
			buildPhases = (
				AA3CAA5A25E54E09002A2E08 /* Sources */,
				AA3CAA5B25E54E09002A2E08 /* Frameworks */,
				AA3CAA5C25E54E09002A2E08 /* Resources */,
			);
			buildRules = (
			);
			dependencies = (
				AA3CAA6025E54E09002A2E08 /* PBXTargetDependency */,
			);
			name = CalCulator_01Tests;
			productName = CalCulator_01Tests;
			productReference = AA3CAA5E25E54E09002A2E08 /* CalCulator_01Tests.xctest */;
			productType = "com.apple.product-type.bundle.unit-test";
		};
		AA3CAA6825E54E09002A2E08 /* CalCulator_01UITests */ = {
			isa = PBXNativeTarget;
			buildConfigurationList = AA3CAA7825E54E09002A2E08 /* Build configuration list for PBXNativeTarget "CalCulator_01UITests" */;
			buildPhases = (
				AA3CAA6525E54E09002A2E08 /* Sources */,
				AA3CAA6625E54E09002A2E08 /* Frameworks */,
				AA3CAA6725E54E09002A2E08 /* Resources */,
			);
			buildRules = (
			);
			dependencies = (
				AA3CAA6B25E54E09002A2E08 /* PBXTargetDependency */,
			);
			name = CalCulator_01UITests;
			productName = CalCulator_01UITests;
			productReference = AA3CAA6925E54E09002A2E08 /* CalCulator_01UITests.xctest */;
			productType = "com.apple.product-type.bundle.ui-testing";
		};
/* End PBXNativeTarget section */

/* Begin PBXProject section */
		AA3CAA4025E54DF9002A2E08 /* Project object */ = {
			isa = PBXProject;
			attributes = {
				LastSwiftUpdateCheck = 1240;
				LastUpgradeCheck = 1240;
				TargetAttributes = {
					AA3CAA4725E54DF9002A2E08 = {
						CreatedOnToolsVersion = 12.4;
					};
					AA3CAA5D25E54E09002A2E08 = {
						CreatedOnToolsVersion = 12.4;
						TestTargetID = AA3CAA4725E54DF9002A2E08;
					};
					AA3CAA6825E54E09002A2E08 = {
						CreatedOnToolsVersion = 12.4;
						TestTargetID = AA3CAA4725E54DF9002A2E08;
					};
				};
			};
			buildConfigurationList = AA3CAA4325E54DF9002A2E08 /* Build configuration list for PBXProject "CalCulator_01" */;
			compatibilityVersion = "Xcode 9.3";
			developmentRegion = en;
			hasScannedForEncodings = 0;
			knownRegions = (
				en,
				Base,
			);
			mainGroup = AA3CAA3F25E54DF9002A2E08;
			productRefGroup = AA3CAA4925E54DFA002A2E08 /* Products */;
			projectDirPath = "";
			projectRoot = "";
			targets = (
				AA3CAA4725E54DF9002A2E08 /* CalCulator_01 */,
				AA3CAA5D25E54E09002A2E08 /* CalCulator_01Tests */,
				AA3CAA6825E54E09002A2E08 /* CalCulator_01UITests */,
			);
		};
/* End PBXProject section */

/* Begin PBXResourcesBuildPhase section */
		AA3CAA4625E54DF9002A2E08 /* Resources */ = {
			isa = PBXResourcesBuildPhase;
			buildActionMask = 2147483647;
			files = (
				AA3CAA5825E54E08002A2E08 /* LaunchScreen.storyboard in Resources */,
				AA3CAA5525E54E08002A2E08 /* Assets.xcassets in Resources */,
				AA3CAA5325E54DFA002A2E08 /* Main.storyboard in Resources */,
			);
			runOnlyForDeploymentPostprocessing = 0;
		};
		AA3CAA5C25E54E09002A2E08 /* Resources */ = {
			isa = PBXResourcesBuildPhase;
			buildActionMask = 2147483647;
			files = (
			);
			runOnlyForDeploymentPostprocessing = 0;
		};
		AA3CAA6725E54E09002A2E08 /* Resources */ = {
			isa = PBXResourcesBuildPhase;
			buildActionMask = 2147483647;
			files = (
			);
			runOnlyForDeploymentPostprocessing = 0;
		};
/* End PBXResourcesBuildPhase section */

/* Begin PBXSourcesBuildPhase section */
		AA3CAA4425E54DF9002A2E08 /* Sources */ = {
			isa = PBXSourcesBuildPhase;
			buildActionMask = 2147483647;
			files = (
				AA3CAA5025E54DFA002A2E08 /* ViewController.swift in Sources */,
				AA3CAA4C25E54DFA002A2E08 /* AppDelegate.swift in Sources */,
				AA3CAA4E25E54DFA002A2E08 /* SceneDelegate.swift in Sources */,
			);
			runOnlyForDeploymentPostprocessing = 0;
		};
		AA3CAA5A25E54E09002A2E08 /* Sources */ = {
			isa = PBXSourcesBuildPhase;
			buildActionMask = 2147483647;
			files = (
				AA3CAA6325E54E09002A2E08 /* CalCulator_01Tests.swift in Sources */,
			);
			runOnlyForDeploymentPostprocessing = 0;
		};
		AA3CAA6525E54E09002A2E08 /* Sources */ = {
			isa = PBXSourcesBuildPhase;
			buildActionMask = 2147483647;
			files = (
				AA3CAA6E25E54E09002A2E08 /* CalCulator_01UITests.swift in Sources */,
			);
			runOnlyForDeploymentPostprocessing = 0;
		};
/* End PBXSourcesBuildPhase section */

/* Begin PBXTargetDependency section */
		AA3CAA6025E54E09002A2E08 /* PBXTargetDependency */ = {
			isa = PBXTargetDependency;
			target = AA3CAA4725E54DF9002A2E08 /* CalCulator_01 */;
			targetProxy = AA3CAA5F25E54E09002A2E08 /* PBXContainerItemProxy */;
		};
		AA3CAA6B25E54E09002A2E08 /* PBXTargetDependency */ = {
			isa = PBXTargetDependency;
			target = AA3CAA4725E54DF9002A2E08 /* CalCulator_01 */;
			targetProxy = AA3CAA6A25E54E09002A2E08 /* PBXContainerItemProxy */;
		};
/* End PBXTargetDependency section */

/* Begin PBXVariantGroup section */
		AA3CAA5125E54DFA002A2E08 /* Main.storyboard */ = {
			isa = PBXVariantGroup;
			children = (
				AA3CAA5225E54DFA002A2E08 /* Base */,
			);
			name = Main.storyboard;
			sourceTree = "<group>";
		};
		AA3CAA5625E54E08002A2E08 /* LaunchScreen.storyboard */ = {
			isa = PBXVariantGroup;
			children = (
				AA3CAA5725E54E08002A2E08 /* Base */,
			);
			name = LaunchScreen.storyboard;
			sourceTree = "<group>";
		};
/* End PBXVariantGroup section */

/* Begin XCBuildConfiguration section */
		AA3CAA7025E54E09002A2E08 /* Debug */ = {
			isa = XCBuildConfiguration;
			buildSettings = {
				ALWAYS_SEARCH_USER_PATHS = NO;
				CLANG_ANALYZER_NONNULL = YES;
				CLANG_ANALYZER_NUMBER_OBJECT_CONVERSION = YES_AGGRESSIVE;
				CLANG_CXX_LANGUAGE_STANDARD = "gnu++14";
				CLANG_CXX_LIBRARY = "libc++";
				CLANG_ENABLE_MODULES = YES;
				CLANG_ENABLE_OBJC_ARC = YES;
				CLANG_ENABLE_OBJC_WEAK = YES;
				CLANG_WARN_BLOCK_CAPTURE_AUTORELEASING = YES;
				CLANG_WARN_BOOL_CONVERSION = YES;
				CLANG_WARN_COMMA = YES;
				CLANG_WARN_CONSTANT_CONVERSION = YES;
				CLANG_WARN_DEPRECATED_OBJC_IMPLEMENTATIONS = YES;
				CLANG_WARN_DIRECT_OBJC_ISA_USAGE = YES_ERROR;
				CLANG_WARN_DOCUMENTATION_COMMENTS = YES;
				CLANG_WARN_EMPTY_BODY = YES;
				CLANG_WARN_ENUM_CONVERSION = YES;
				CLANG_WARN_INFINITE_RECURSION = YES;
				CLANG_WARN_INT_CONVERSION = YES;
				CLANG_WARN_NON_LITERAL_NULL_CONVERSION = YES;
				CLANG_WARN_OBJC_IMPLICIT_RETAIN_SELF = YES;
				CLANG_WARN_OBJC_LITERAL_CONVERSION = YES;
				CLANG_WARN_OBJC_ROOT_CLASS = YES_ERROR;
				CLANG_WARN_QUOTED_INCLUDE_IN_FRAMEWORK_HEADER = YES;
				CLANG_WARN_RANGE_LOOP_ANALYSIS = YES;
				CLANG_WARN_STRICT_PROTOTYPES = YES;
				CLANG_WARN_SUSPICIOUS_MOVE = YES;
				CLANG_WARN_UNGUARDED_AVAILABILITY = YES_AGGRESSIVE;
				CLANG_WARN_UNREACHABLE_CODE = YES;
				CLANG_WARN__DUPLICATE_METHOD_MATCH = YES;
				COPY_PHASE_STRIP = NO;
				DEBUG_INFORMATION_FORMAT = dwarf;
				ENABLE_STRICT_OBJC_MSGSEND = YES;
				ENABLE_TESTABILITY = YES;
				GCC_C_LANGUAGE_STANDARD = gnu11;
				GCC_DYNAMIC_NO_PIC = NO;
				GCC_NO_COMMON_BLOCKS = YES;
				GCC_OPTIMIZATION_LEVEL = 0;
				GCC_PREPROCESSOR_DEFINITIONS = (
					"DEBUG=1",
					"$(inherited)",
				);
				GCC_WARN_64_TO_32_BIT_CONVERSION = YES;
				GCC_WARN_ABOUT_RETURN_TYPE = YES_ERROR;
				GCC_WARN_UNDECLARED_SELECTOR = YES;
				GCC_WARN_UNINITIALIZED_AUTOS = YES_AGGRESSIVE;
				GCC_WARN_UNUSED_FUNCTION = YES;
				GCC_WARN_UNUSED_VARIABLE = YES;
				IPHONEOS_DEPLOYMENT_TARGET = 14.4;
				MTL_ENABLE_DEBUG_INFO = INCLUDE_SOURCE;
				MTL_FAST_MATH = YES;
				ONLY_ACTIVE_ARCH = YES;
				SDKROOT = iphoneos;
				SWIFT_ACTIVE_COMPILATION_CONDITIONS = DEBUG;
				SWIFT_OPTIMIZATION_LEVEL = "-Onone";
			};
			name = Debug;
		};
		AA3CAA7125E54E09002A2E08 /* Release */ = {
			isa = XCBuildConfiguration;
			buildSettings = {
				ALWAYS_SEARCH_USER_PATHS = NO;
				CLANG_ANALYZER_NONNULL = YES;
				CLANG_ANALYZER_NUMBER_OBJECT_CONVERSION = YES_AGGRESSIVE;
				CLANG_CXX_LANGUAGE_STANDARD = "gnu++14";
				CLANG_CXX_LIBRARY = "libc++";
				CLANG_ENABLE_MODULES = YES;
				CLANG_ENABLE_OBJC_ARC = YES;
				CLANG_ENABLE_OBJC_WEAK = YES;
				CLANG_WARN_BLOCK_CAPTURE_AUTORELEASING = YES;
				CLANG_WARN_BOOL_CONVERSION = YES;
				CLANG_WARN_COMMA = YES;
				CLANG_WARN_CONSTANT_CONVERSION = YES;
				CLANG_WARN_DEPRECATED_OBJC_IMPLEMENTATIONS = YES;
				CLANG_WARN_DIRECT_OBJC_ISA_USAGE = YES_ERROR;
				CLANG_WARN_DOCUMENTATION_COMMENTS = YES;
				CLANG_WARN_EMPTY_BODY = YES;
				CLANG_WARN_ENUM_CONVERSION = YES;
				CLANG_WARN_INFINITE_RECURSION = YES;
				CLANG_WARN_INT_CONVERSION = YES;
				CLANG_WARN_NON_LITERAL_NULL_CONVERSION = YES;
				CLANG_WARN_OBJC_IMPLICIT_RETAIN_SELF = YES;
				CLANG_WARN_OBJC_LITERAL_CONVERSION = YES;
				CLANG_WARN_OBJC_ROOT_CLASS = YES_ERROR;
				CLANG_WARN_QUOTED_INCLUDE_IN_FRAMEWORK_HEADER = YES;
				CLANG_WARN_RANGE_LOOP_ANALYSIS = YES;
				CLANG_WARN_STRICT_PROTOTYPES = YES;
				CLANG_WARN_SUSPICIOUS_MOVE = YES;
				CLANG_WARN_UNGUARDED_AVAILABILITY = YES_AGGRESSIVE;
				CLANG_WARN_UNREACHABLE_CODE = YES;
				CLANG_WARN__DUPLICATE_METHOD_MATCH = YES;
				COPY_PHASE_STRIP = NO;
				DEBUG_INFORMATION_FORMAT = "dwarf-with-dsym";
				ENABLE_NS_ASSERTIONS = NO;
				ENABLE_STRICT_OBJC_MSGSEND = YES;
				GCC_C_LANGUAGE_STANDARD = gnu11;
				GCC_NO_COMMON_BLOCKS = YES;
				GCC_WARN_64_TO_32_BIT_CONVERSION = YES;
				GCC_WARN_ABOUT_RETURN_TYPE = YES_ERROR;
				GCC_WARN_UNDECLARED_SELECTOR = YES;
				GCC_WARN_UNINITIALIZED_AUTOS = YES_AGGRESSIVE;
				GCC_WARN_UNUSED_FUNCTION = YES;
				GCC_WARN_UNUSED_VARIABLE = YES;
				IPHONEOS_DEPLOYMENT_TARGET = 14.4;
				MTL_ENABLE_DEBUG_INFO = NO;
				MTL_FAST_MATH = YES;
				SDKROOT = iphoneos;
				SWIFT_COMPILATION_MODE = wholemodule;
				SWIFT_OPTIMIZATION_LEVEL = "-O";
				VALIDATE_PRODUCT = YES;
			};
			name = Release;
		};
		AA3CAA7325E54E09002A2E08 /* Debug */ = {
			isa = XCBuildConfiguration;
			buildSettings = {
				ASSETCATALOG_COMPILER_APPICON_NAME = AppIcon;
				ASSETCATALOG_COMPILER_GLOBAL_ACCENT_COLOR_NAME = AccentColor;
				CODE_SIGN_STYLE = Automatic;
				INFOPLIST_FILE = CalCulator_01/Info.plist;
				LD_RUNPATH_SEARCH_PATHS = (
					"$(inherited)",
					"@executable_path/Frameworks",
				);
				PRODUCT_BUNDLE_IDENTIFIER = "mehedihasaan.CalCulator-01";
				PRODUCT_NAME = "$(TARGET_NAME)";
				SWIFT_VERSION = 5.0;
				TARGETED_DEVICE_FAMILY = "1,2";
			};
			name = Debug;
		};
		AA3CAA7425E54E09002A2E08 /* Release */ = {
			isa = XCBuildConfiguration;
			buildSettings = {
				ASSETCATALOG_COMPILER_APPICON_NAME = AppIcon;
				ASSETCATALOG_COMPILER_GLOBAL_ACCENT_COLOR_NAME = AccentColor;
				CODE_SIGN_STYLE = Automatic;
				INFOPLIST_FILE = CalCulator_01/Info.plist;
				LD_RUNPATH_SEARCH_PATHS = (
					"$(inherited)",
					"@executable_path/Frameworks",
				);
				PRODUCT_BUNDLE_IDENTIFIER = "mehedihasaan.CalCulator-01";
				PRODUCT_NAME = "$(TARGET_NAME)";
				SWIFT_VERSION = 5.0;
				TARGETED_DEVICE_FAMILY = "1,2";
			};
			name = Release;
		};
		AA3CAA7625E54E09002A2E08 /* Debug */ = {
			isa = XCBuildConfiguration;
			buildSettings = {
				ALWAYS_EMBED_SWIFT_STANDARD_LIBRARIES = YES;
				BUNDLE_LOADER = "$(TEST_HOST)";
				CODE_SIGN_STYLE = Automatic;
				INFOPLIST_FILE = CalCulator_01Tests/Info.plist;
				IPHONEOS_DEPLOYMENT_TARGET = 14.4;
				LD_RUNPATH_SEARCH_PATHS = (
					"$(inherited)",
					"@executable_path/Frameworks",
					"@loader_path/Frameworks",
				);
				PRODUCT_BUNDLE_IDENTIFIER = "mehedihasaan.CalCulator-01Tests";
				PRODUCT_NAME = "$(TARGET_NAME)";
				SWIFT_VERSION = 5.0;
				TARGETED_DEVICE_FAMILY = "1,2";
				TEST_HOST = "$(BUILT_PRODUCTS_DIR)/CalCulator_01.app/CalCulator_01";
			};
			name = Debug;
		};
		AA3CAA7725E54E09002A2E08 /* Release */ = {
			isa = XCBuildConfiguration;
			buildSettings = {
				ALWAYS_EMBED_SWIFT_STANDARD_LIBRARIES = YES;
				BUNDLE_LOADER = "$(TEST_HOST)";
				CODE_SIGN_STYLE = Automatic;
				INFOPLIST_FILE = CalCulator_01Tests/Info.plist;
				IPHONEOS_DEPLOYMENT_TARGET = 14.4;
				LD_RUNPATH_SEARCH_PATHS = (
					"$(inherited)",
					"@executable_path/Frameworks",
					"@loader_path/Frameworks",
				);
				PRODUCT_BUNDLE_IDENTIFIER = "mehedihasaan.CalCulator-01Tests";
				PRODUCT_NAME = "$(TARGET_NAME)";
				SWIFT_VERSION = 5.0;
				TARGETED_DEVICE_FAMILY = "1,2";
				TEST_HOST = "$(BUILT_PRODUCTS_DIR)/CalCulator_01.app/CalCulator_01";
			};
			name = Release;
		};
		AA3CAA7925E54E09002A2E08 /* Debug */ = {
			isa = XCBuildConfiguration;
			buildSettings = {
				ALWAYS_EMBED_SWIFT_STANDARD_LIBRARIES = YES;
				CODE_SIGN_STYLE = Automatic;
				INFOPLIST_FILE = CalCulator_01UITests/Info.plist;
				LD_RUNPATH_SEARCH_PATHS = (
					"$(inherited)",
					"@executable_path/Frameworks",
					"@loader_path/Frameworks",
				);
				PRODUCT_BUNDLE_IDENTIFIER = "mehedihasaan.CalCulator-01UITests";
				PRODUCT_NAME = "$(TARGET_NAME)";
				SWIFT_VERSION = 5.0;
				TARGETED_DEVICE_FAMILY = "1,2";
				TEST_TARGET_NAME = CalCulator_01;
			};
			name = Debug;
		};
		AA3CAA7A25E54E09002A2E08 /* Release */ = {
			isa = XCBuildConfiguration;
			buildSettings = {
				ALWAYS_EMBED_SWIFT_STANDARD_LIBRARIES = YES;
				CODE_SIGN_STYLE = Automatic;
				INFOPLIST_FILE = CalCulator_01UITests/Info.plist;
				LD_RUNPATH_SEARCH_PATHS = (
					"$(inherited)",
					"@executable_path/Frameworks",
					"@loader_path/Frameworks",
				);
				PRODUCT_BUNDLE_IDENTIFIER = "mehedihasaan.CalCulator-01UITests";
				PRODUCT_NAME = "$(TARGET_NAME)";
				SWIFT_VERSION = 5.0;
				TARGETED_DEVICE_FAMILY = "1,2";
				TEST_TARGET_NAME = CalCulator_01;
			};
			name = Release;
		};
/* End XCBuildConfiguration section */

/* Begin XCConfigurationList section */
		AA3CAA4325E54DF9002A2E08 /* Build configuration list for PBXProject "CalCulator_01" */ = {
			isa = XCConfigurationList;
			buildConfigurations = (
				AA3CAA7025E54E09002A2E08 /* Debug */,
				AA3CAA7125E54E09002A2E08 /* Release */,
			);
			defaultConfigurationIsVisible = 0;
			defaultConfigurationName = Release;
		};
		AA3CAA7225E54E09002A2E08 /* Build configuration list for PBXNativeTarget "CalCulator_01" */ = {
			isa = XCConfigurationList;
			buildConfigurations = (
				AA3CAA7325E54E09002A2E08 /* Debug */,
				AA3CAA7425E54E09002A2E08 /* Release */,
			);
			defaultConfigurationIsVisible = 0;
			defaultConfigurationName = Release;
		};
		AA3CAA7525E54E09002A2E08 /* Build configuration list for PBXNativeTarget "CalCulator_01Tests" */ = {
			isa = XCConfigurationList;
			buildConfigurations = (
				AA3CAA7625E54E09002A2E08 /* Debug */,
				AA3CAA7725E54E09002A2E08 /* Release */,
			);
			defaultConfigurationIsVisible = 0;
			defaultConfigurationName = Release;
		};
		AA3CAA7825E54E09002A2E08 /* Build configuration list for PBXNativeTarget "CalCulator_01UITests" */ = {
			isa = XCConfigurationList;
			buildConfigurations = (
				AA3CAA7925E54E09002A2E08 /* Debug */,
				AA3CAA7A25E54E09002A2E08 /* Release */,
			);
			defaultConfigurationIsVisible = 0;
			defaultConfigurationName = Release;
		};
/* End XCConfigurationList section */
	};
	rootObject = AA3CAA4025E54DF9002A2E08 /* Project object */;
}
